{
  "requires": true,
  "lockfileVersion": 1,
  "dependencies": {
    "prettier": {
      "version": "1.12.1",
      "resolved": "http://registry.npm.taobao.org/prettier/download/prettier-1.12.1.tgz",
      "integrity": "sha1-wa0g6APndJ+vkFpAnSNn4Gu+cyU="
    },
    "wxvalidator": {
      "version": "1.0.3",
      "resolved": "https://registry.npmjs.org/wxvalidator/-/wxvalidator-1.0.3.tgz",
      "integrity": "sha512-o5xs9pTlaHvKW2GumO3UcH1HQl9WAk7GaTtFBnDV84JojJipSxDS5Sf4lMDhFf66ZhqYLaXz3S7qITHoB6Kozw=="
    }
  }
}
